// !$*UTF8*$!
{
	archiveVersion = 1;
	classes = {
	};
	objectVersion = 60;
	objects = {

/* Begin PBXBuildFile section */
		360D97BC2BB6B72200589F76 /* AudioFoundationSampleApp.swift in Sources */ = {isa = PBXBuildFile; fileRef = 360D97BB2BB6B72200589F76 /* AudioFoundationSampleApp.swift */; };
		360D97BE2BB6B72200589F76 /* ContentView.swift in Sources */ = {isa = PBXBuildFile; fileRef = 360D97BD2BB6B72200589F76 /* ContentView.swift */; };
		360D97C02BB6B72500589F76 /* Assets.xcassets in Resources */ = {isa = PBXBuildFile; fileRef = 360D97BF2BB6B72500589F76 /* Assets.xcassets */; };
		360D97C32BB6B72500589F76 /* Preview Assets.xcassets in Resources */ = {isa = PBXBuildFile; fileRef = 360D97C22BB6B72500589F76 /* Preview Assets.xcassets */; };
		360D97CB2BB6CA4100589F76 /* NW_DDNP_115_kit_just_bass_G#min.wav in Resources */ = {isa = PBXBuildFile; fileRef = 360D97C92BB6CA4000589F76 /* NW_DDNP_115_kit_just_bass_G#min.wav */; };
		360D97CD2BB6E9E800589F76 /* SingleAudioPlayerView.swift in Sources */ = {isa = PBXBuildFile; fileRef = 360D97CC2BB6E9E800589F76 /* SingleAudioPlayerView.swift */; };
		360D97CF2BB6EE8B00589F76 /* SimultaneousAudioPlayerView.swift in Sources */ = {isa = PBXBuildFile; fileRef = 360D97CE2BB6EE8B00589F76 /* SimultaneousAudioPlayerView.swift */; };
		360D97D32BB6F0E100589F76 /* OS_VLV_115_Amin_Silk_Stack__Original_.wav in Resources */ = {isa = PBXBuildFile; fileRef = 360D97D02BB6F0E100589F76 /* OS_VLV_115_Amin_Silk_Stack__Original_.wav */; };
		360D97D42BB6F0E100589F76 /* OS_UTP2_115_Cmin_Hope_Stack.wav in Resources */ = {isa = PBXBuildFile; fileRef = 360D97D12BB6F0E100589F76 /* OS_UTP2_115_Cmin_Hope_Stack.wav */; };
		360D97D52BB6F0E100589F76 /* OS_VLV_115_Drum_Loop_3__Full_.wav in Resources */ = {isa = PBXBuildFile; fileRef = 360D97D22BB6F0E100589F76 /* OS_VLV_115_Drum_Loop_3__Full_.wav */; };
		360D97D72BB6F65900589F76 /* PlayerButtonView.swift in Sources */ = {isa = PBXBuildFile; fileRef = 360D97D62BB6F65900589F76 /* PlayerButtonView.swift */; };
		3665AD652BBAF3CE00F40FC4 /* AudioEnginePlayerView.swift in Sources */ = {isa = PBXBuildFile; fileRef = 3665AD642BBAF3CE00F40FC4 /* AudioEnginePlayerView.swift */; };
		3665AD672BBB230200F40FC4 /* Resources.swift in Sources */ = {isa = PBXBuildFile; fileRef = 3665AD662BBB230200F40FC4 /* Resources.swift */; };
		36DACA242BB83597009807FE /* AudioUnitCompositionPlayerView.swift in Sources */ = {isa = PBXBuildFile; fileRef = 36DACA232BB83597009807FE /* AudioUnitCompositionPlayerView.swift */; };
		36DACA272BB83E07009807FE /* DBAudioTools in Frameworks */ = {isa = PBXBuildFile; productRef = 36DACA262BB83E07009807FE /* DBAudioTools */; };
		36DACA292BB85C8C009807FE /* FilterView.swift in Sources */ = {isa = PBXBuildFile; fileRef = 36DACA282BB85C8C009807FE /* FilterView.swift */; };
		36DACA2B2BB86477009807FE /* DelayView.swift in Sources */ = {isa = PBXBuildFile; fileRef = 36DACA2A2BB86477009807FE /* DelayView.swift */; };
		36DACA2D2BB8671E009807FE /* EffectOverlayView.swift in Sources */ = {isa = PBXBuildFile; fileRef = 36DACA2C2BB8671E009807FE /* EffectOverlayView.swift */; };
		36DACA2F2BB890DC009807FE /* DummyUpdateEffects.swift in Sources */ = {isa = PBXBuildFile; fileRef = 36DACA2E2BB890DC009807FE /* DummyUpdateEffects.swift */; };
/* End PBXBuildFile section */

/* Begin PBXFileReference section */
		360D97B82BB6B72200589F76 /* AudioFoundationSample.app */ = {isa = PBXFileReference; explicitFileType = wrapper.application; includeInIndex = 0; path = AudioFoundationSample.app; sourceTree = BUILT_PRODUCTS_DIR; };
		360D97BB2BB6B72200589F76 /* AudioFoundationSampleApp.swift */ = {isa = PBXFileReference; lastKnownFileType = sourcecode.swift; path = AudioFoundationSampleApp.swift; sourceTree = "<group>"; };
		360D97BD2BB6B72200589F76 /* ContentView.swift */ = {isa = PBXFileReference; lastKnownFileType = sourcecode.swift; path = ContentView.swift; sourceTree = "<group>"; };
		360D97BF2BB6B72500589F76 /* Assets.xcassets */ = {isa = PBXFileReference; lastKnownFileType = folder.assetcatalog; path = Assets.xcassets; sourceTree = "<group>"; };
		360D97C22BB6B72500589F76 /* Preview Assets.xcassets */ = {isa = PBXFileReference; lastKnownFileType = folder.assetcatalog; path = "Preview Assets.xcassets"; sourceTree = "<group>"; };
		360D97C92BB6CA4000589F76 /* NW_DDNP_115_kit_just_bass_G#min.wav */ = {isa = PBXFileReference; lastKnownFileType = audio.wav; path = "NW_DDNP_115_kit_just_bass_G#min.wav"; sourceTree = "<group>"; };
		360D97CC2BB6E9E800589F76 /* SingleAudioPlayerView.swift */ = {isa = PBXFileReference; lastKnownFileType = sourcecode.swift; path = SingleAudioPlayerView.swift; sourceTree = "<group>"; };
		360D97CE2BB6EE8B00589F76 /* SimultaneousAudioPlayerView.swift */ = {isa = PBXFileReference; lastKnownFileType = sourcecode.swift; path = SimultaneousAudioPlayerView.swift; sourceTree = "<group>"; };
		360D97D02BB6F0E100589F76 /* OS_VLV_115_Amin_Silk_Stack__Original_.wav */ = {isa = PBXFileReference; lastKnownFileType = audio.wav; path = OS_VLV_115_Amin_Silk_Stack__Original_.wav; sourceTree = "<group>"; };
		360D97D12BB6F0E100589F76 /* OS_UTP2_115_Cmin_Hope_Stack.wav */ = {isa = PBXFileReference; lastKnownFileType = audio.wav; path = OS_UTP2_115_Cmin_Hope_Stack.wav; sourceTree = "<group>"; };
		360D97D22BB6F0E100589F76 /* OS_VLV_115_Drum_Loop_3__Full_.wav */ = {isa = PBXFileReference; lastKnownFileType = audio.wav; path = OS_VLV_115_Drum_Loop_3__Full_.wav; sourceTree = "<group>"; };
		360D97D62BB6F65900589F76 /* PlayerButtonView.swift */ = {isa = PBXFileReference; lastKnownFileType = sourcecode.swift; path = PlayerButtonView.swift; sourceTree = "<group>"; };
		3665AD642BBAF3CE00F40FC4 /* AudioEnginePlayerView.swift */ = {isa = PBXFileReference; lastKnownFileType = sourcecode.swift; path = AudioEnginePlayerView.swift; sourceTree = "<group>"; };
		3665AD662BBB230200F40FC4 /* Resources.swift */ = {isa = PBXFileReference; lastKnownFileType = sourcecode.swift; path = Resources.swift; sourceTree = "<group>"; };
		36DACA232BB83597009807FE /* AudioUnitCompositionPlayerView.swift */ = {isa = PBXFileReference; lastKnownFileType = sourcecode.swift; path = AudioUnitCompositionPlayerView.swift; sourceTree = "<group>"; };
		36DACA282BB85C8C009807FE /* FilterView.swift */ = {isa = PBXFileReference; lastKnownFileType = sourcecode.swift; path = FilterView.swift; sourceTree = "<group>"; };
		36DACA2A2BB86477009807FE /* DelayView.swift */ = {isa = PBXFileReference; lastKnownFileType = sourcecode.swift; path = DelayView.swift; sourceTree = "<group>"; };
		36DACA2C2BB8671E009807FE /* EffectOverlayView.swift */ = {isa = PBXFileReference; lastKnownFileType = sourcecode.swift; path = EffectOverlayView.swift; sourceTree = "<group>"; };
		36DACA2E2BB890DC009807FE /* DummyUpdateEffects.swift */ = {isa = PBXFileReference; lastKnownFileType = sourcecode.swift; path = DummyUpdateEffects.swift; sourceTree = "<group>"; };
/* End PBXFileReference section */

/* Begin PBXFrameworksBuildPhase section */
		360D97B52BB6B72200589F76 /* Frameworks */ = {
			isa = PBXFrameworksBuildPhase;
			buildActionMask = 2147483647;
			files = (
				36DACA272BB83E07009807FE /* DBAudioTools in Frameworks */,
			);
			runOnlyForDeploymentPostprocessing = 0;
		};
/* End PBXFrameworksBuildPhase section */

/* Begin PBXGroup section */
		360D97AF2BB6B72200589F76 = {
			isa = PBXGroup;
			children = (
				360D97CA2BB6CA4000589F76 /* Audio */,
				360D97BA2BB6B72200589F76 /* AudioFoundationSample */,
				360D97B92BB6B72200589F76 /* Products */,
			);
			sourceTree = "<group>";
		};
		360D97B92BB6B72200589F76 /* Products */ = {
			isa = PBXGroup;
			children = (
				360D97B82BB6B72200589F76 /* AudioFoundationSample.app */,
			);
			name = Products;
			sourceTree = "<group>";
		};
		360D97BA2BB6B72200589F76 /* AudioFoundationSample */ = {
			isa = PBXGroup;
			children = (
				360D97D92BB6FF8F00589F76 /* Subviews */,
				360D97D82BB6FF7800589F76 /* Views */,
				360D97BB2BB6B72200589F76 /* AudioFoundationSampleApp.swift */,
				360D97BD2BB6B72200589F76 /* ContentView.swift */,
				360D97BF2BB6B72500589F76 /* Assets.xcassets */,
				360D97C12BB6B72500589F76 /* Preview Content */,
				3665AD662BBB230200F40FC4 /* Resources.swift */,
			);
			path = AudioFoundationSample;
			sourceTree = "<group>";
		};
		360D97C12BB6B72500589F76 /* Preview Content */ = {
			isa = PBXGroup;
			children = (
				360D97C22BB6B72500589F76 /* Preview Assets.xcassets */,
				36DACA2E2BB890DC009807FE /* DummyUpdateEffects.swift */,
			);
			path = "Preview Content";
			sourceTree = "<group>";
		};
		360D97CA2BB6CA4000589F76 /* Audio */ = {
			isa = PBXGroup;
			children = (
				360D97D12BB6F0E100589F76 /* OS_UTP2_115_Cmin_Hope_Stack.wav */,
				360D97D02BB6F0E100589F76 /* OS_VLV_115_Amin_Silk_Stack__Original_.wav */,
				360D97D22BB6F0E100589F76 /* OS_VLV_115_Drum_Loop_3__Full_.wav */,
				360D97C92BB6CA4000589F76 /* NW_DDNP_115_kit_just_bass_G#min.wav */,
			);
			path = Audio;
			sourceTree = "<group>";
		};
		360D97D82BB6FF7800589F76 /* Views */ = {
			isa = PBXGroup;
			children = (
				360D97CC2BB6E9E800589F76 /* SingleAudioPlayerView.swift */,
				360D97CE2BB6EE8B00589F76 /* SimultaneousAudioPlayerView.swift */,
				3665AD642BBAF3CE00F40FC4 /* AudioEnginePlayerView.swift */,
				36DACA232BB83597009807FE /* AudioUnitCompositionPlayerView.swift */,
			);
			path = Views;
			sourceTree = "<group>";
		};
		360D97D92BB6FF8F00589F76 /* Subviews */ = {
			isa = PBXGroup;
			children = (
				360D97D62BB6F65900589F76 /* PlayerButtonView.swift */,
				36DACA282BB85C8C009807FE /* FilterView.swift */,
				36DACA2A2BB86477009807FE /* DelayView.swift */,
				36DACA2C2BB8671E009807FE /* EffectOverlayView.swift */,
			);
			path = Subviews;
			sourceTree = "<group>";
		};
/* End PBXGroup section */

/* Begin PBXNativeTarget section */
		360D97B72BB6B72200589F76 /* AudioFoundationSample */ = {
			isa = PBXNativeTarget;
			buildConfigurationList = 360D97C62BB6B72500589F76 /* Build configuration list for PBXNativeTarget "AudioFoundationSample" */;
			buildPhases = (
				360D97B42BB6B72200589F76 /* Sources */,
				360D97B52BB6B72200589F76 /* Frameworks */,
				360D97B62BB6B72200589F76 /* Resources */,
			);
			buildRules = (
			);
			dependencies = (
			);
			name = AudioFoundationSample;
			packageProductDependencies = (
				36DACA262BB83E07009807FE /* DBAudioTools */,
			);
			productName = AudioFoundationSample;
			productReference = 360D97B82BB6B72200589F76 /* AudioFoundationSample.app */;
			productType = "com.apple.product-type.application";
		};
/* End PBXNativeTarget section */

/* Begin PBXProject section */
		360D97B02BB6B72200589F76 /* Project object */ = {
			isa = PBXProject;
			attributes = {
				BuildIndependentTargetsInParallel = 1;
				LastSwiftUpdateCheck = 1530;
				LastUpgradeCheck = 1530;
				TargetAttributes = {
					360D97B72BB6B72200589F76 = {
						CreatedOnToolsVersion = 15.3;
					};
				};
			};
			buildConfigurationList = 360D97B32BB6B72200589F76 /* Build configuration list for PBXProject "AudioFoundationSample" */;
			compatibilityVersion = "Xcode 14.0";
			developmentRegion = en;
			hasScannedForEncodings = 0;
			knownRegions = (
				en,
				Base,
			);
			mainGroup = 360D97AF2BB6B72200589F76;
			packageReferences = (
				36DACA252BB83E07009807FE /* XCLocalSwiftPackageReference "../../DBAudioTools" */,
			);
			productRefGroup = 360D97B92BB6B72200589F76 /* Products */;
			projectDirPath = "";
			projectRoot = "";
			targets = (
				360D97B72BB6B72200589F76 /* AudioFoundationSample */,
			);
		};
/* End PBXProject section */

/* Begin PBXResourcesBuildPhase section */
		360D97B62BB6B72200589F76 /* Resources */ = {
			isa = PBXResourcesBuildPhase;
			buildActionMask = 2147483647;
			files = (
				360D97D52BB6F0E100589F76 /* OS_VLV_115_Drum_Loop_3__Full_.wav in Resources */,
				360D97C32BB6B72500589F76 /* Preview Assets.xcassets in Resources */,
				360D97D42BB6F0E100589F76 /* OS_UTP2_115_Cmin_Hope_Stack.wav in Resources */,
				360D97D32BB6F0E100589F76 /* OS_VLV_115_Amin_Silk_Stack__Original_.wav in Resources */,
				360D97CB2BB6CA4100589F76 /* NW_DDNP_115_kit_just_bass_G#min.wav in Resources */,
				360D97C02BB6B72500589F76 /* Assets.xcassets in Resources */,
			);
			runOnlyForDeploymentPostprocessing = 0;
		};
/* End PBXResourcesBuildPhase section */

/* Begin PBXSourcesBuildPhase section */
		360D97B42BB6B72200589F76 /* Sources */ = {
			isa = PBXSourcesBuildPhase;
			buildActionMask = 2147483647;
			files = (
				36DACA292BB85C8C009807FE /* FilterView.swift in Sources */,
				36DACA242BB83597009807FE /* AudioUnitCompositionPlayerView.swift in Sources */,
				360D97BE2BB6B72200589F76 /* ContentView.swift in Sources */,
				360D97CF2BB6EE8B00589F76 /* SimultaneousAudioPlayerView.swift in Sources */,
				36DACA2B2BB86477009807FE /* DelayView.swift in Sources */,
				360D97CD2BB6E9E800589F76 /* SingleAudioPlayerView.swift in Sources */,
				360D97BC2BB6B72200589F76 /* AudioFoundationSampleApp.swift in Sources */,
				3665AD652BBAF3CE00F40FC4 /* AudioEnginePlayerView.swift in Sources */,
				360D97D72BB6F65900589F76 /* PlayerButtonView.swift in Sources */,
				3665AD672BBB230200F40FC4 /* Resources.swift in Sources */,
				36DACA2F2BB890DC009807FE /* DummyUpdateEffects.swift in Sources */,
				36DACA2D2BB8671E009807FE /* EffectOverlayView.swift in Sources */,
			);
			runOnlyForDeploymentPostprocessing = 0;
		};
/* End PBXSourcesBuildPhase section */

/* Begin XCBuildConfiguration section */
		360D97C42BB6B72500589F76 /* Debug */ = {
			isa = XCBuildConfiguration;
			buildSettings = {
				ALWAYS_SEARCH_USER_PATHS = NO;
				ASSETCATALOG_COMPILER_GENERATE_SWIFT_ASSET_SYMBOL_EXTENSIONS = YES;
				CLANG_ANALYZER_NONNULL = YES;
				CLANG_ANALYZER_NUMBER_OBJECT_CONVERSION = YES_AGGRESSIVE;
				CLANG_CXX_LANGUAGE_STANDARD = "gnu++20";
				CLANG_ENABLE_MODULES = YES;
				CLANG_ENABLE_OBJC_ARC = YES;
				CLANG_ENABLE_OBJC_WEAK = YES;
				CLANG_WARN_BLOCK_CAPTURE_AUTORELEASING = YES;
				CLANG_WARN_BOOL_CONVERSION = YES;
				CLANG_WARN_COMMA = YES;
				CLANG_WARN_CONSTANT_CONVERSION = YES;
				CLANG_WARN_DEPRECATED_OBJC_IMPLEMENTATIONS = YES;
				CLANG_WARN_DIRECT_OBJC_ISA_USAGE = YES_ERROR;
				CLANG_WARN_DOCUMENTATION_COMMENTS = YES;
				CLANG_WARN_EMPTY_BODY = YES;
				CLANG_WARN_ENUM_CONVERSION = YES;
				CLANG_WARN_INFINITE_RECURSION = YES;
				CLANG_WARN_INT_CONVERSION = YES;
				CLANG_WARN_NON_LITERAL_NULL_CONVERSION = YES;
				CLANG_WARN_OBJC_IMPLICIT_RETAIN_SELF = YES;
				CLANG_WARN_OBJC_LITERAL_CONVERSION = YES;
				CLANG_WARN_OBJC_ROOT_CLASS = YES_ERROR;
				CLANG_WARN_QUOTED_INCLUDE_IN_FRAMEWORK_HEADER = YES;
				CLANG_WARN_RANGE_LOOP_ANALYSIS = YES;
				CLANG_WARN_STRICT_PROTOTYPES = YES;
				CLANG_WARN_SUSPICIOUS_MOVE = YES;
				CLANG_WARN_UNGUARDED_AVAILABILITY = YES_AGGRESSIVE;
				CLANG_WARN_UNREACHABLE_CODE = YES;
				CLANG_WARN__DUPLICATE_METHOD_MATCH = YES;
				COPY_PHASE_STRIP = NO;
				DEBUG_INFORMATION_FORMAT = dwarf;
				ENABLE_STRICT_OBJC_MSGSEND = YES;
				ENABLE_TESTABILITY = YES;
				ENABLE_USER_SCRIPT_SANDBOXING = YES;
				GCC_C_LANGUAGE_STANDARD = gnu17;
				GCC_DYNAMIC_NO_PIC = NO;
				GCC_NO_COMMON_BLOCKS = YES;
				GCC_OPTIMIZATION_LEVEL = 0;
				GCC_PREPROCESSOR_DEFINITIONS = (
					"DEBUG=1",
					"$(inherited)",
				);
				GCC_WARN_64_TO_32_BIT_CONVERSION = YES;
				GCC_WARN_ABOUT_RETURN_TYPE = YES_ERROR;
				GCC_WARN_UNDECLARED_SELECTOR = YES;
				GCC_WARN_UNINITIALIZED_AUTOS = YES_AGGRESSIVE;
				GCC_WARN_UNUSED_FUNCTION = YES;
				GCC_WARN_UNUSED_VARIABLE = YES;
				IPHONEOS_DEPLOYMENT_TARGET = 17.4;
				LOCALIZATION_PREFERS_STRING_CATALOGS = YES;
				MTL_ENABLE_DEBUG_INFO = INCLUDE_SOURCE;
				MTL_FAST_MATH = YES;
				ONLY_ACTIVE_ARCH = YES;
				SDKROOT = iphoneos;
				SWIFT_ACTIVE_COMPILATION_CONDITIONS = "DEBUG $(inherited)";
				SWIFT_OPTIMIZATION_LEVEL = "-Onone";
			};
			name = Debug;
		};
		360D97C52BB6B72500589F76 /* Release */ = {
			isa = XCBuildConfiguration;
			buildSettings = {
				ALWAYS_SEARCH_USER_PATHS = NO;
				ASSETCATALOG_COMPILER_GENERATE_SWIFT_ASSET_SYMBOL_EXTENSIONS = YES;
				CLANG_ANALYZER_NONNULL = YES;
				CLANG_ANALYZER_NUMBER_OBJECT_CONVERSION = YES_AGGRESSIVE;
				CLANG_CXX_LANGUAGE_STANDARD = "gnu++20";
				CLANG_ENABLE_MODULES = YES;
				CLANG_ENABLE_OBJC_ARC = YES;
				CLANG_ENABLE_OBJC_WEAK = YES;
				CLANG_WARN_BLOCK_CAPTURE_AUTORELEASING = YES;
				CLANG_WARN_BOOL_CONVERSION = YES;
				CLANG_WARN_COMMA = YES;
				CLANG_WARN_CONSTANT_CONVERSION = YES;
				CLANG_WARN_DEPRECATED_OBJC_IMPLEMENTATIONS = YES;
				CLANG_WARN_DIRECT_OBJC_ISA_USAGE = YES_ERROR;
				CLANG_WARN_DOCUMENTATION_COMMENTS = YES;
				CLANG_WARN_EMPTY_BODY = YES;
				CLANG_WARN_ENUM_CONVERSION = YES;
				CLANG_WARN_INFINITE_RECURSION = YES;
				CLANG_WARN_INT_CONVERSION = YES;
				CLANG_WARN_NON_LITERAL_NULL_CONVERSION = YES;
				CLANG_WARN_OBJC_IMPLICIT_RETAIN_SELF = YES;
				CLANG_WARN_OBJC_LITERAL_CONVERSION = YES;
				CLANG_WARN_OBJC_ROOT_CLASS = YES_ERROR;
				CLANG_WARN_QUOTED_INCLUDE_IN_FRAMEWORK_HEADER = YES;
				CLANG_WARN_RANGE_LOOP_ANALYSIS = YES;
				CLANG_WARN_STRICT_PROTOTYPES = YES;
				CLANG_WARN_SUSPICIOUS_MOVE = YES;
				CLANG_WARN_UNGUARDED_AVAILABILITY = YES_AGGRESSIVE;
				CLANG_WARN_UNREACHABLE_CODE = YES;
				CLANG_WARN__DUPLICATE_METHOD_MATCH = YES;
				COPY_PHASE_STRIP = NO;
				DEBUG_INFORMATION_FORMAT = "dwarf-with-dsym";
				ENABLE_NS_ASSERTIONS = NO;
				ENABLE_STRICT_OBJC_MSGSEND = YES;
				ENABLE_USER_SCRIPT_SANDBOXING = YES;
				GCC_C_LANGUAGE_STANDARD = gnu17;
				GCC_NO_COMMON_BLOCKS = YES;
				GCC_WARN_64_TO_32_BIT_CONVERSION = YES;
				GCC_WARN_ABOUT_RETURN_TYPE = YES_ERROR;
				GCC_WARN_UNDECLARED_SELECTOR = YES;
				GCC_WARN_UNINITIALIZED_AUTOS = YES_AGGRESSIVE;
				GCC_WARN_UNUSED_FUNCTION = YES;
				GCC_WARN_UNUSED_VARIABLE = YES;
				IPHONEOS_DEPLOYMENT_TARGET = 17.4;
				LOCALIZATION_PREFERS_STRING_CATALOGS = YES;
				MTL_ENABLE_DEBUG_INFO = NO;
				MTL_FAST_MATH = YES;
				SDKROOT = iphoneos;
				SWIFT_COMPILATION_MODE = wholemodule;
				VALIDATE_PRODUCT = YES;
			};
			name = Release;
		};
		360D97C72BB6B72500589F76 /* Debug */ = {
			isa = XCBuildConfiguration;
			buildSettings = {
				ASSETCATALOG_COMPILER_APPICON_NAME = AppIcon;
				ASSETCATALOG_COMPILER_GLOBAL_ACCENT_COLOR_NAME = AccentColor;
				CODE_SIGN_STYLE = Automatic;
				CURRENT_PROJECT_VERSION = 1;
				DEVELOPMENT_ASSET_PATHS = "\"AudioFoundationSample/Preview Content\"";
				DEVELOPMENT_TEAM = TGTZK275Q2;
				ENABLE_PREVIEWS = YES;
				GENERATE_INFOPLIST_FILE = YES;
				INFOPLIST_KEY_UIApplicationSceneManifest_Generation = YES;
				INFOPLIST_KEY_UIApplicationSupportsIndirectInputEvents = YES;
				INFOPLIST_KEY_UILaunchScreen_Generation = YES;
				INFOPLIST_KEY_UISupportedInterfaceOrientations_iPad = "UIInterfaceOrientationPortrait UIInterfaceOrientationPortraitUpsideDown UIInterfaceOrientationLandscapeLeft UIInterfaceOrientationLandscapeRight";
				INFOPLIST_KEY_UISupportedInterfaceOrientations_iPhone = "UIInterfaceOrientationPortrait UIInterfaceOrientationLandscapeLeft UIInterfaceOrientationLandscapeRight";
				IPHONEOS_DEPLOYMENT_TARGET = 17.0;
				LD_RUNPATH_SEARCH_PATHS = (
					"$(inherited)",
					"@executable_path/Frameworks",
				);
				MARKETING_VERSION = 1.0;
				PRODUCT_BUNDLE_IDENTIFIER = de.dimib.AudioFoundationSample;
				PRODUCT_NAME = "$(TARGET_NAME)";
				SWIFT_EMIT_LOC_STRINGS = YES;
				SWIFT_VERSION = 5.0;
				TARGETED_DEVICE_FAMILY = "1,2";
			};
			name = Debug;
		};
		360D97C82BB6B72500589F76 /* Release */ = {
			isa = XCBuildConfiguration;
			buildSettings = {
				ASSETCATALOG_COMPILER_APPICON_NAME = AppIcon;
				ASSETCATALOG_COMPILER_GLOBAL_ACCENT_COLOR_NAME = AccentColor;
				CODE_SIGN_STYLE = Automatic;
				CURRENT_PROJECT_VERSION = 1;
				DEVELOPMENT_ASSET_PATHS = "\"AudioFoundationSample/Preview Content\"";
				DEVELOPMENT_TEAM = TGTZK275Q2;
				ENABLE_PREVIEWS = YES;
				GENERATE_INFOPLIST_FILE = YES;
				INFOPLIST_KEY_UIApplicationSceneManifest_Generation = YES;
				INFOPLIST_KEY_UIApplicationSupportsIndirectInputEvents = YES;
				INFOPLIST_KEY_UILaunchScreen_Generation = YES;
				INFOPLIST_KEY_UISupportedInterfaceOrientations_iPad = "UIInterfaceOrientationPortrait UIInterfaceOrientationPortraitUpsideDown UIInterfaceOrientationLandscapeLeft UIInterfaceOrientationLandscapeRight";
				INFOPLIST_KEY_UISupportedInterfaceOrientations_iPhone = "UIInterfaceOrientationPortrait UIInterfaceOrientationLandscapeLeft UIInterfaceOrientationLandscapeRight";
				IPHONEOS_DEPLOYMENT_TARGET = 17.0;
				LD_RUNPATH_SEARCH_PATHS = (
					"$(inherited)",
					"@executable_path/Frameworks",
				);
				MARKETING_VERSION = 1.0;
				PRODUCT_BUNDLE_IDENTIFIER = de.dimib.AudioFoundationSample;
				PRODUCT_NAME = "$(TARGET_NAME)";
				SWIFT_EMIT_LOC_STRINGS = YES;
				SWIFT_VERSION = 5.0;
				TARGETED_DEVICE_FAMILY = "1,2";
			};
			name = Release;
		};
/* End XCBuildConfiguration section */

/* Begin XCConfigurationList section */
		360D97B32BB6B72200589F76 /* Build configuration list for PBXProject "AudioFoundationSample" */ = {
			isa = XCConfigurationList;
			buildConfigurations = (
				360D97C42BB6B72500589F76 /* Debug */,
				360D97C52BB6B72500589F76 /* Release */,
			);
			defaultConfigurationIsVisible = 0;
			defaultConfigurationName = Release;
		};
		360D97C62BB6B72500589F76 /* Build configuration list for PBXNativeTarget "AudioFoundationSample" */ = {
			isa = XCConfigurationList;
			buildConfigurations = (
				360D97C72BB6B72500589F76 /* Debug */,
				360D97C82BB6B72500589F76 /* Release */,
			);
			defaultConfigurationIsVisible = 0;
			defaultConfigurationName = Release;
		};
/* End XCConfigurationList section */

/* Begin XCLocalSwiftPackageReference section */
		36DACA252BB83E07009807FE /* XCLocalSwiftPackageReference "../../DBAudioTools" */ = {
			isa = XCLocalSwiftPackageReference;
			relativePath = ../../DBAudioTools;
		};
/* End XCLocalSwiftPackageReference section */

/* Begin XCSwiftPackageProductDependency section */
		36DACA262BB83E07009807FE /* DBAudioTools */ = {
			isa = XCSwiftPackageProductDependency;
			productName = DBAudioTools;
		};
/* End XCSwiftPackageProductDependency section */
	};
	rootObject = 360D97B02BB6B72200589F76 /* Project object */;
}
